
Microsoft Visual Studio Solution File, Format Version 12.00
# Visual Studio Version 17
VisualStudioVersion = 17.1.32228.430
MinimumVisualStudioVersion = 10.0.40219.1
Project("{9A19103F-16F7-4668-BE54-9A1E7A4F7556}") = "GetGains.Core", "GetGains.Core\GetGains.Core.csproj", "{AEF61998-92DA-4CF4-B20A-594B08B7EDA2}"
EndProject
Project("{9A19103F-16F7-4668-BE54-9A1E7A4F7556}") = "GetGains.Data", "GetGains.Data\GetGains.Data.csproj", "{DEC7E61E-6489-4F45-A693-4C32A3550FA8}"
EndProject
Project("{9A19103F-16F7-4668-BE54-9A1E7A4F7556}") = "GetGains.MVC", "GetGains.MVC\GetGains.MVC.csproj", "{D7A227D3-D3A1-4501-9B4C-5C7A18957A13}"
EndProject
Project("{FAE04EC0-301F-11D3-BF4B-00C04F79EFBC}") = "GetGains.API", "GetGains.API\GetGains.API.csproj", "{12D5155C-2A27-4AE5-9583-9082048005F3}"
EndProject
Global
	GlobalSection(SolutionConfigurationPlatforms) = preSolution
		Debug|Any CPU = Debug|Any CPU
		Release|Any CPU = Release|Any CPU
	EndGlobalSection
	GlobalSection(ProjectConfigurationPlatforms) = postSolution
		{AEF61998-92DA-4CF4-B20A-594B08B7EDA2}.Debug|Any CPU.ActiveCfg = Debug|Any CPU
		{AEF61998-92DA-4CF4-B20A-594B08B7EDA2}.Debug|Any CPU.Build.0 = Debug|Any CPU
		{AEF61998-92DA-4CF4-B20A-594B08B7EDA2}.Release|Any CPU.ActiveCfg = Release|Any CPU
		{AEF61998-92DA-4CF4-B20A-594B08B7EDA2}.Release|Any CPU.Build.0 = Release|Any CPU
		{DEC7E61E-6489-4F45-A693-4C32A3550FA8}.Debug|Any CPU.ActiveCfg = Debug|Any CPU
		{DEC7E61E-6489-4F45-A693-4C32A3550FA8}.Debug|Any CPU.Build.0 = Debug|Any CPU
		{DEC7E61E-6489-4F45-A693-4C32A3550FA8}.Release|Any CPU.ActiveCfg = Release|Any CPU
		{DEC7E61E-6489-4F45-A693-4C32A3550FA8}.Release|Any CPU.Build.0 = Release|Any CPU
		{D7A227D3-D3A1-4501-9B4C-5C7A18957A13}.Debug|Any CPU.ActiveCfg = Debug|Any CPU
		{D7A227D3-D3A1-4501-9B4C-5C7A18957A13}.Debug|Any CPU.Build.0 = Debug|Any CPU
		{D7A227D3-D3A1-4501-9B4C-5C7A18957A13}.Release|Any CPU.ActiveCfg = Release|Any CPU
		{D7A227D3-D3A1-4501-9B4C-5C7A18957A13}.Release|Any CPU.Build.0 = Release|Any CPU
		{12D5155C-2A27-4AE5-9583-9082048005F3}.Debug|Any CPU.ActiveCfg = Debug|Any CPU
		{12D5155C-2A27-4AE5-9583-9082048005F3}.Debug|Any CPU.Build.0 = Debug|Any CPU
		{12D5155C-2A27-4AE5-9583-9082048005F3}.Release|Any CPU.ActiveCfg = Release|Any CPU
		{12D5155C-2A27-4AE5-9583-9082048005F3}.Release|Any CPU.Build.0 = Release|Any CPU
	EndGlobalSection
	GlobalSection(SolutionProperties) = preSolution
		HideSolutionNode = FALSE
	EndGlobalSection
	GlobalSection(ExtensibilityGlobals) = postSolution
		SolutionGuid = {659F7306-6A88-4AEB-94EA-24B93A55EA79}
	EndGlobalSection
EndGlobal
